<?xml version="1.0" encoding="utf-8"?>
<Project ToolsVersion="4.0" xmlns="http://schemas.microsoft.com/developer/msbuild/2003">
  <ItemGroup>
    <Filter Include="源文件">
      <UniqueIdentifier>{4FC737F1-C7A5-4376-A066-2A32D752A2FF}</UniqueIdentifier>
      <Extensions>cpp;c;cc;cxx;c++;def;odl;idl;hpj;bat;asm;asmx</Extensions>
    </Filter>
    <Filter Include="头文件">
      <UniqueIdentifier>{93995380-89BD-4b04-88EB-625FBE52EBFB}</UniqueIdentifier>
      <Extensions>h;hh;hpp;hxx;h++;hm;inl;inc;ipp;xsd</Extensions>
    </Filter>
    <Filter Include="资源文件">
      <UniqueIdentifier>{67DA6AB6-F800-4c08-8B7A-83BB121AAD01}</UniqueIdentifier>
      <Extensions>rc;ico;cur;bmp;dlg;rc2;rct;bin;rgs;gif;jpg;jpeg;jpe;resx;tiff;tif;png;wav;mfcribbon-ms</Extensions>
    </Filter>
    <Filter Include="头文件\core">
      <UniqueIdentifier>{f7a57451-40d9-43e0-9ae2-cdc4ff8c1049}</UniqueIdentifier>
    </Filter>
    <Filter Include="头文件\com">
      <UniqueIdentifier>{2ef40696-e22f-4719-a1c6-31e2f25fe1b0}</UniqueIdentifier>
    </Filter>
    <Filter Include="头文件\multicast">
      <UniqueIdentifier>{0758e355-557e-46e2-a892-951dcf57968d}</UniqueIdentifier>
    </Filter>
    <Filter Include="头文件\stream">
      <UniqueIdentifier>{a646a7b1-cbde-420c-b78f-4c1cafe209c9}</UniqueIdentifier>
    </Filter>
    <Filter Include="头文件\http">
      <UniqueIdentifier>{037735be-98b6-4d9e-b2ad-3eb9c41548ff}</UniqueIdentifier>
    </Filter>
    <Filter Include="头文件\test">
      <UniqueIdentifier>{ae0bbb9f-1cbf-4119-bbb4-2677d2db6aac}</UniqueIdentifier>
    </Filter>
  </ItemGroup>
  <ItemGroup>
    <ClInclude Include="core\Packet.h">
      <Filter>头文件\core</Filter>
    </ClInclude>
    <ClInclude Include="core\RWHandler.h">
      <Filter>头文件\core</Filter>
    </ClInclude>
    <ClInclude Include="com\Dumphelper.h">
      <Filter>头文件\com</Filter>
    </ClInclude>
    <ClInclude Include="com\List.h">
      <Filter>头文件\com</Filter>
    </ClInclude>
    <ClInclude Include="com\MemoryPool.h">
      <Filter>头文件\com</Filter>
    </ClInclude>
    <ClInclude Include="com\MemoryStorage.h">
      <Filter>头文件\com</Filter>
    </ClInclude>
    <ClInclude Include="com\NMemoryPool.h">
      <Filter>头文件\com</Filter>
    </ClInclude>
    <ClInclude Include="com\NMemoryStorage.h">
      <Filter>头文件\com</Filter>
    </ClInclude>
    <ClInclude Include="com\NonCopyable.h">
      <Filter>头文件\com</Filter>
    </ClInclude>
    <ClInclude Include="com\StreamWriter.h">
      <Filter>头文件\com</Filter>
    </ClInclude>
    <ClInclude Include="com\SyncTaskQueue.h">
      <Filter>头文件\com</Filter>
    </ClInclude>
    <ClInclude Include="com\ThreadPool.h">
      <Filter>头文件\com</Filter>
    </ClInclude>
    <ClInclude Include="com\Timer.h">
      <Filter>头文件\com</Filter>
    </ClInclude>
    <ClInclude Include="multicast\MultiCast.h">
      <Filter>头文件\multicast</Filter>
    </ClInclude>
    <ClInclude Include="stream\Client.h">
      <Filter>头文件\stream</Filter>
    </ClInclude>
    <ClInclude Include="Comm.h">
      <Filter>头文件</Filter>
    </ClInclude>
    <ClInclude Include="http\HttpServer.h">
      <Filter>头文件\http</Filter>
    </ClInclude>
    <ClInclude Include="http\HttpRequestHandler.h">
      <Filter>头文件\http</Filter>
    </ClInclude>
    <ClInclude Include="http\HttpReqResp.h">
      <Filter>头文件\http</Filter>
    </ClInclude>
    <ClInclude Include="com\ObjectPool.h">
      <Filter>头文件\com</Filter>
    </ClInclude>
    <ClInclude Include="http\HttpDefines.h">
      <Filter>头文件\http</Filter>
    </ClInclude>
    <ClInclude Include="http\HttpResponseHandler.h">
      <Filter>头文件\http</Filter>
    </ClInclude>
    <ClInclude Include="http\HttpClient.h">
      <Filter>头文件\http</Filter>
    </ClInclude>
    <ClInclude Include="http\HttpHsm.h">
      <Filter>头文件\http</Filter>
    </ClInclude>
    <ClInclude Include="com\StringTools.h">
      <Filter>头文件\com</Filter>
    </ClInclude>
    <ClInclude Include="http\HttpTools.h">
      <Filter>头文件\http</Filter>
    </ClInclude>
    <ClInclude Include="http\HttpConnectionMng.h">
      <Filter>头文件\http</Filter>
    </ClInclude>
    <ClInclude Include="stream\ConnectorSSL.h">
      <Filter>头文件\stream</Filter>
    </ClInclude>
    <ClInclude Include="stream\ServerSSL.h">
      <Filter>头文件\stream</Filter>
    </ClInclude>
    <ClInclude Include="core\SessionSSL.h">
      <Filter>头文件\core</Filter>
    </ClInclude>
    <ClInclude Include="core\Session.h">
      <Filter>头文件\core</Filter>
    </ClInclude>
    <ClInclude Include="stream\Connector.h">
      <Filter>头文件\stream</Filter>
    </ClInclude>
    <ClInclude Include="stream\Server.h">
      <Filter>头文件\stream</Filter>
    </ClInclude>
    <ClInclude Include="stream\StreamBase.h">
      <Filter>头文件\stream</Filter>
    </ClInclude>
    <ClInclude Include="core\SessionBase.h">
      <Filter>头文件\core</Filter>
    </ClInclude>
    <ClInclude Include="stream\Event.h">
      <Filter>头文件\stream</Filter>
    </ClInclude>
    <ClInclude Include="stream\ReqRespHandler.h">
      <Filter>头文件\stream</Filter>
    </ClInclude>
    <ClInclude Include="stream\RequestResponse.h">
      <Filter>头文件\stream</Filter>
    </ClInclude>
    <ClInclude Include="stream\SessionIdGen.h">
      <Filter>头文件\stream</Filter>
    </ClInclude>
    <ClInclude Include="stream\ClientSSL.h">
      <Filter>头文件\stream</Filter>
    </ClInclude>
    <ClInclude Include="http\MD5.h">
      <Filter>头文件\http</Filter>
    </ClInclude>
    <ClInclude Include="com\CList.h">
      <Filter>头文件\com</Filter>
    </ClInclude>
    <ClInclude Include="com\Log.h">
      <Filter>头文件\com</Filter>
    </ClInclude>
  </ItemGroup>
  <ItemGroup>
    <ClCompile Include="test\test_httpServer.cpp">
      <Filter>头文件\test</Filter>
    </ClCompile>
  </ItemGroup>
</Project>